{
  "object": {
    "pins": [
      {
        "package": "FilesProvider",
        "repositoryURL": "https://github.com/amosavian/FileProvider.git",
        "state": {
          "branch": null,
          "revision": "abf68a62541a4193c8d106367ddb3648e8ab693f",
          "version": "0.26.0"
        }
      }
    ]
  },
  "version": 1
}
