// !$*UTF8*$!
{
	archiveVersion = 1;
	classes = {
	};
	objectVersion = 52;
	objects = {

/* Begin PBXBuildFile section */
		591DC3C624CD19B800CDA06D /* Meme_Vault.xcdatamodeld in Sources */ = {isa = PBXBuildFile; fileRef = 591DC3C424CD19B800CDA06D /* Meme_Vault.xcdatamodeld */; };
		5928D64F253FAFE70091C2B6 /* Set+Toggle.swift in Sources */ = {isa = PBXBuildFile; fileRef = 5928D64E253FAFE70091C2B6 /* Set+Toggle.swift */; };
		5928D653253FB6A20091C2B6 /* Action.swift in Sources */ = {isa = PBXBuildFile; fileRef = 5928D652253FB6A20091C2B6 /* Action.swift */; };
		5928D657253FC1510091C2B6 /* ActionController.swift in Sources */ = {isa = PBXBuildFile; fileRef = 5928D656253FC1510091C2B6 /* ActionController.swift */; };
		5928D65A253FC1C80091C2B6 /* ActionsView.swift in Sources */ = {isa = PBXBuildFile; fileRef = 5928D659253FC1C80091C2B6 /* ActionsView.swift */; };
		5928D65D253FCA570091C2B6 /* ActionSet.swift in Sources */ = {isa = PBXBuildFile; fileRef = 5928D65C253FCA570091C2B6 /* ActionSet.swift */; };
		59581A6624D3B931007E5284 /* DestinationDisclosure.swift in Sources */ = {isa = PBXBuildFile; fileRef = 59581A6524D3B931007E5284 /* DestinationDisclosure.swift */; };
		59838CD1253B884100E21D9A /* View+Keyboard.swift in Sources */ = {isa = PBXBuildFile; fileRef = 59838CD0253B884100E21D9A /* View+Keyboard.swift */; };
		599A9118253B597E007B674D /* Bool+Number.swift in Sources */ = {isa = PBXBuildFile; fileRef = 599A9117253B597E007B674D /* Bool+Number.swift */; };
		599E43A024D35C75001C8597 /* MemesView.swift in Sources */ = {isa = PBXBuildFile; fileRef = 599E439F24D35C75001C8597 /* MemesView.swift */; };
		599E43A224D35EAD001C8597 /* MemeController.swift in Sources */ = {isa = PBXBuildFile; fileRef = 599E43A124D35EAD001C8597 /* MemeController.swift */; };
		599E43A524D36C06001C8597 /* ProviderController.swift in Sources */ = {isa = PBXBuildFile; fileRef = 599E43A424D36C06001C8597 /* ProviderController.swift */; };
		599E43A824D36C65001C8597 /* FilesProvider in Frameworks */ = {isa = PBXBuildFile; productRef = 599E43A724D36C65001C8597 /* FilesProvider */; };
		599E43AA24D36D07001C8597 /* LoginView.swift in Sources */ = {isa = PBXBuildFile; fileRef = 599E43A924D36D07001C8597 /* LoginView.swift */; };
		599E43AC24D37325001C8597 /* AlertRepresentation.swift in Sources */ = {isa = PBXBuildFile; fileRef = 599E43AB24D37325001C8597 /* AlertRepresentation.swift */; };
		599E43AF24D379E8001C8597 /* DestinationsView.swift in Sources */ = {isa = PBXBuildFile; fileRef = 599E43AE24D379E8001C8597 /* DestinationsView.swift */; };
		599E43B124D383E0001C8597 /* DestinationView.swift in Sources */ = {isa = PBXBuildFile; fileRef = 599E43B024D383E0001C8597 /* DestinationView.swift */; };
		599E43B324D3A1C3001C8597 /* FileBrowserView.swift in Sources */ = {isa = PBXBuildFile; fileRef = 599E43B224D3A1C3001C8597 /* FileBrowserView.swift */; };
		59A2681D24C903ED0056282C /* Meme_VaultApp.swift in Sources */ = {isa = PBXBuildFile; fileRef = 59A2681C24C903ED0056282C /* Meme_VaultApp.swift */; };
		59A2681F24C903ED0056282C /* ContentView.swift in Sources */ = {isa = PBXBuildFile; fileRef = 59A2681E24C903ED0056282C /* ContentView.swift */; };
		59A2682124C903EE0056282C /* Assets.xcassets in Resources */ = {isa = PBXBuildFile; fileRef = 59A2682024C903EE0056282C /* Assets.xcassets */; };
		59A2682424C903EE0056282C /* Preview Assets.xcassets in Resources */ = {isa = PBXBuildFile; fileRef = 59A2682324C903EE0056282C /* Preview Assets.xcassets */; };
		59A2682E24C90B380056282C /* AlbumsView.swift in Sources */ = {isa = PBXBuildFile; fileRef = 59A2682D24C90B380056282C /* AlbumsView.swift */; };
		59A2683024C90D180056282C /* MemeView.swift in Sources */ = {isa = PBXBuildFile; fileRef = 59A2682F24C90D180056282C /* MemeView.swift */; };
		59B668B424DA34630055E71C /* Text+Optional.swift in Sources */ = {isa = PBXBuildFile; fileRef = 59B668B324DA34630055E71C /* Text+Optional.swift */; };
		59C0AD9024CD250600979F59 /* Meme_Vault+Wrapping.swift in Sources */ = {isa = PBXBuildFile; fileRef = 59C0AD8F24CD250600979F59 /* Meme_Vault+Wrapping.swift */; };
		59C0AD9424CD424200979F59 /* SettingsView.swift in Sources */ = {isa = PBXBuildFile; fileRef = 59C0AD9324CD424200979F59 /* SettingsView.swift */; };
		59C952B525670E98002BA25C /* WebDAV in Frameworks */ = {isa = PBXBuildFile; productRef = 59C952B425670E98002BA25C /* WebDAV */; };
		59CC2FC6253A8A7200C25DC3 /* Identifiable.swift in Sources */ = {isa = PBXBuildFile; fileRef = 59CC2FC5253A8A7200C25DC3 /* Identifiable.swift */; };
		59CC2FC9253A8BBE00C25DC3 /* Meme_Vault+Convenience.swift in Sources */ = {isa = PBXBuildFile; fileRef = 59CC2FC8253A8BBE00C25DC3 /* Meme_Vault+Convenience.swift */; };
		59D464DA2540CC8F00FB696C /* ActionSetsView.swift in Sources */ = {isa = PBXBuildFile; fileRef = 59D464D92540CC8F00FB696C /* ActionSetsView.swift */; };
		59E009E424D7DA04001F8A31 /* Image+Meme.swift in Sources */ = {isa = PBXBuildFile; fileRef = 59E009E324D7DA04001F8A31 /* Image+Meme.swift */; };
		59F20A042540E6FF0083483C /* ShareSheet.swift in Sources */ = {isa = PBXBuildFile; fileRef = 59F20A032540E6FF0083483C /* ShareSheet.swift */; };
/* End PBXBuildFile section */

/* Begin PBXFileReference section */
		591DC3C524CD19B800CDA06D /* Meme_Vault.xcdatamodel */ = {isa = PBXFileReference; lastKnownFileType = wrapper.xcdatamodel; path = Meme_Vault.xcdatamodel; sourceTree = "<group>"; };
		5928D64E253FAFE70091C2B6 /* Set+Toggle.swift */ = {isa = PBXFileReference; lastKnownFileType = sourcecode.swift; path = "Set+Toggle.swift"; sourceTree = "<group>"; };
		5928D652253FB6A20091C2B6 /* Action.swift */ = {isa = PBXFileReference; lastKnownFileType = sourcecode.swift; path = Action.swift; sourceTree = "<group>"; };
		5928D656253FC1510091C2B6 /* ActionController.swift */ = {isa = PBXFileReference; lastKnownFileType = sourcecode.swift; path = ActionController.swift; sourceTree = "<group>"; };
		5928D659253FC1C80091C2B6 /* ActionsView.swift */ = {isa = PBXFileReference; lastKnownFileType = sourcecode.swift; path = ActionsView.swift; sourceTree = "<group>"; };
		5928D65C253FCA570091C2B6 /* ActionSet.swift */ = {isa = PBXFileReference; lastKnownFileType = sourcecode.swift; path = ActionSet.swift; sourceTree = "<group>"; };
		59581A6524D3B931007E5284 /* DestinationDisclosure.swift */ = {isa = PBXFileReference; lastKnownFileType = sourcecode.swift; path = DestinationDisclosure.swift; sourceTree = "<group>"; };
		59838CD0253B884100E21D9A /* View+Keyboard.swift */ = {isa = PBXFileReference; lastKnownFileType = sourcecode.swift; path = "View+Keyboard.swift"; sourceTree = "<group>"; };
		599A9117253B597E007B674D /* Bool+Number.swift */ = {isa = PBXFileReference; lastKnownFileType = sourcecode.swift; path = "Bool+Number.swift"; sourceTree = "<group>"; };
		599E439F24D35C75001C8597 /* MemesView.swift */ = {isa = PBXFileReference; lastKnownFileType = sourcecode.swift; path = MemesView.swift; sourceTree = "<group>"; };
		599E43A124D35EAD001C8597 /* MemeController.swift */ = {isa = PBXFileReference; lastKnownFileType = sourcecode.swift; path = MemeController.swift; sourceTree = "<group>"; };
		599E43A424D36C06001C8597 /* ProviderController.swift */ = {isa = PBXFileReference; lastKnownFileType = sourcecode.swift; path = ProviderController.swift; sourceTree = "<group>"; };
		599E43A924D36D07001C8597 /* LoginView.swift */ = {isa = PBXFileReference; lastKnownFileType = sourcecode.swift; path = LoginView.swift; sourceTree = "<group>"; };
		599E43AB24D37325001C8597 /* AlertRepresentation.swift */ = {isa = PBXFileReference; lastKnownFileType = sourcecode.swift; path = AlertRepresentation.swift; sourceTree = "<group>"; };
		599E43AE24D379E8001C8597 /* DestinationsView.swift */ = {isa = PBXFileReference; lastKnownFileType = sourcecode.swift; path = DestinationsView.swift; sourceTree = "<group>"; };
		599E43B024D383E0001C8597 /* DestinationView.swift */ = {isa = PBXFileReference; lastKnownFileType = sourcecode.swift; path = DestinationView.swift; sourceTree = "<group>"; };
		599E43B224D3A1C3001C8597 /* FileBrowserView.swift */ = {isa = PBXFileReference; lastKnownFileType = sourcecode.swift; path = FileBrowserView.swift; sourceTree = "<group>"; };
		59A2681924C903ED0056282C /* Meme Vault.app */ = {isa = PBXFileReference; explicitFileType = wrapper.application; includeInIndex = 0; path = "Meme Vault.app"; sourceTree = BUILT_PRODUCTS_DIR; };
		59A2681C24C903ED0056282C /* Meme_VaultApp.swift */ = {isa = PBXFileReference; lastKnownFileType = sourcecode.swift; path = Meme_VaultApp.swift; sourceTree = "<group>"; };
		59A2681E24C903ED0056282C /* ContentView.swift */ = {isa = PBXFileReference; lastKnownFileType = sourcecode.swift; path = ContentView.swift; sourceTree = "<group>"; };
		59A2682024C903EE0056282C /* Assets.xcassets */ = {isa = PBXFileReference; lastKnownFileType = folder.assetcatalog; path = Assets.xcassets; sourceTree = "<group>"; };
		59A2682324C903EE0056282C /* Preview Assets.xcassets */ = {isa = PBXFileReference; lastKnownFileType = folder.assetcatalog; path = "Preview Assets.xcassets"; sourceTree = "<group>"; };
		59A2682524C903EE0056282C /* Info.plist */ = {isa = PBXFileReference; lastKnownFileType = text.plist.xml; path = Info.plist; sourceTree = "<group>"; };
		59A2682D24C90B380056282C /* AlbumsView.swift */ = {isa = PBXFileReference; lastKnownFileType = sourcecode.swift; path = AlbumsView.swift; sourceTree = "<group>"; };
		59A2682F24C90D180056282C /* MemeView.swift */ = {isa = PBXFileReference; lastKnownFileType = sourcecode.swift; path = MemeView.swift; sourceTree = "<group>"; };
		59B668B324DA34630055E71C /* Text+Optional.swift */ = {isa = PBXFileReference; lastKnownFileType = sourcecode.swift; path = "Text+Optional.swift"; sourceTree = "<group>"; };
		59C0AD8F24CD250600979F59 /* Meme_Vault+Wrapping.swift */ = {isa = PBXFileReference; lastKnownFileType = sourcecode.swift; path = "Meme_Vault+Wrapping.swift"; sourceTree = "<group>"; };
		59C0AD9324CD424200979F59 /* SettingsView.swift */ = {isa = PBXFileReference; lastKnownFileType = sourcecode.swift; path = SettingsView.swift; sourceTree = "<group>"; };
		59CC2FC5253A8A7200C25DC3 /* Identifiable.swift */ = {isa = PBXFileReference; lastKnownFileType = sourcecode.swift; path = Identifiable.swift; sourceTree = "<group>"; };
		59CC2FC8253A8BBE00C25DC3 /* Meme_Vault+Convenience.swift */ = {isa = PBXFileReference; lastKnownFileType = sourcecode.swift; path = "Meme_Vault+Convenience.swift"; sourceTree = "<group>"; };
		59D464D92540CC8F00FB696C /* ActionSetsView.swift */ = {isa = PBXFileReference; lastKnownFileType = sourcecode.swift; path = ActionSetsView.swift; sourceTree = "<group>"; };
		59E009E324D7DA04001F8A31 /* Image+Meme.swift */ = {isa = PBXFileReference; lastKnownFileType = sourcecode.swift; path = "Image+Meme.swift"; sourceTree = "<group>"; };
		59F20A032540E6FF0083483C /* ShareSheet.swift */ = {isa = PBXFileReference; lastKnownFileType = sourcecode.swift; path = ShareSheet.swift; sourceTree = "<group>"; };
/* End PBXFileReference section */

/* Begin PBXFrameworksBuildPhase section */
		59A2681624C903ED0056282C /* Frameworks */ = {
			isa = PBXFrameworksBuildPhase;
			buildActionMask = 2147483647;
			files = (
				599E43A824D36C65001C8597 /* FilesProvider in Frameworks */,
				59C952B525670E98002BA25C /* WebDAV in Frameworks */,
			);
			runOnlyForDeploymentPostprocessing = 0;
		};
/* End PBXFrameworksBuildPhase section */

/* Begin PBXGroup section */
		599E43A324D36BFB001C8597 /* Controllers */ = {
			isa = PBXGroup;
			children = (
				599E43A124D35EAD001C8597 /* MemeController.swift */,
				599E43A424D36C06001C8597 /* ProviderController.swift */,
				5928D656253FC1510091C2B6 /* ActionController.swift */,
			);
			path = Controllers;
			sourceTree = "<group>";
		};
		599E43AD24D3736A001C8597 /* Helpers */ = {
			isa = PBXGroup;
			children = (
				599E43AB24D37325001C8597 /* AlertRepresentation.swift */,
				59838CD0253B884100E21D9A /* View+Keyboard.swift */,
				59E009E324D7DA04001F8A31 /* Image+Meme.swift */,
				59B668B324DA34630055E71C /* Text+Optional.swift */,
				599A9117253B597E007B674D /* Bool+Number.swift */,
				5928D64E253FAFE70091C2B6 /* Set+Toggle.swift */,
				59CC2FC5253A8A7200C25DC3 /* Identifiable.swift */,
			);
			path = Helpers;
			sourceTree = "<group>";
		};
		59A2681024C903ED0056282C = {
			isa = PBXGroup;
			children = (
				59A2681B24C903ED0056282C /* Meme Vault */,
				59A2681A24C903ED0056282C /* Products */,
			);
			sourceTree = "<group>";
		};
		59A2681A24C903ED0056282C /* Products */ = {
			isa = PBXGroup;
			children = (
				59A2681924C903ED0056282C /* Meme Vault.app */,
			);
			name = Products;
			sourceTree = "<group>";
		};
		59A2681B24C903ED0056282C /* Meme Vault */ = {
			isa = PBXGroup;
			children = (
				59A2681C24C903ED0056282C /* Meme_VaultApp.swift */,
				599E43A324D36BFB001C8597 /* Controllers */,
				59C0AD9224CD423000979F59 /* Views */,
				59C0AD9124CD422400979F59 /* Model */,
				599E43AD24D3736A001C8597 /* Helpers */,
				59A2682024C903EE0056282C /* Assets.xcassets */,
				59A2682524C903EE0056282C /* Info.plist */,
				59A2682224C903EE0056282C /* Preview Content */,
			);
			path = "Meme Vault";
			sourceTree = "<group>";
		};
		59A2682224C903EE0056282C /* Preview Content */ = {
			isa = PBXGroup;
			children = (
				59A2682324C903EE0056282C /* Preview Assets.xcassets */,
			);
			path = "Preview Content";
			sourceTree = "<group>";
		};
		59C0AD9124CD422400979F59 /* Model */ = {
			isa = PBXGroup;
			children = (
				591DC3C424CD19B800CDA06D /* Meme_Vault.xcdatamodeld */,
				59CC2FC8253A8BBE00C25DC3 /* Meme_Vault+Convenience.swift */,
				59C0AD8F24CD250600979F59 /* Meme_Vault+Wrapping.swift */,
				5928D652253FB6A20091C2B6 /* Action.swift */,
				5928D65C253FCA570091C2B6 /* ActionSet.swift */,
			);
			path = Model;
			sourceTree = "<group>";
		};
		59C0AD9224CD423000979F59 /* Views */ = {
			isa = PBXGroup;
			children = (
				59A2681E24C903ED0056282C /* ContentView.swift */,
				59A2682D24C90B380056282C /* AlbumsView.swift */,
				59A2682F24C90D180056282C /* MemeView.swift */,
				59581A6524D3B931007E5284 /* DestinationDisclosure.swift */,
				599E439F24D35C75001C8597 /* MemesView.swift */,
				59C0AD9324CD424200979F59 /* SettingsView.swift */,
				599E43A924D36D07001C8597 /* LoginView.swift */,
				599E43AE24D379E8001C8597 /* DestinationsView.swift */,
				599E43B024D383E0001C8597 /* DestinationView.swift */,
				599E43B224D3A1C3001C8597 /* FileBrowserView.swift */,
				59D464D92540CC8F00FB696C /* ActionSetsView.swift */,
				5928D659253FC1C80091C2B6 /* ActionsView.swift */,
				59F20A032540E6FF0083483C /* ShareSheet.swift */,
			);
			path = Views;
			sourceTree = "<group>";
		};
/* End PBXGroup section */

/* Begin PBXNativeTarget section */
		59A2681824C903ED0056282C /* Meme Vault */ = {
			isa = PBXNativeTarget;
			buildConfigurationList = 59A2682824C903EE0056282C /* Build configuration list for PBXNativeTarget "Meme Vault" */;
			buildPhases = (
				59A2681524C903ED0056282C /* Sources */,
				59A2681624C903ED0056282C /* Frameworks */,
				59A2681724C903ED0056282C /* Resources */,
			);
			buildRules = (
			);
			dependencies = (
			);
			name = "Meme Vault";
			packageProductDependencies = (
				599E43A724D36C65001C8597 /* FilesProvider */,
				59C952B425670E98002BA25C /* WebDAV */,
			);
			productName = "Meme Vault";
			productReference = 59A2681924C903ED0056282C /* Meme Vault.app */;
			productType = "com.apple.product-type.application";
		};
/* End PBXNativeTarget section */

/* Begin PBXProject section */
		59A2681124C903ED0056282C /* Project object */ = {
			isa = PBXProject;
			attributes = {
				LastSwiftUpdateCheck = 1200;
				LastUpgradeCheck = 1200;
				TargetAttributes = {
					59A2681824C903ED0056282C = {
						CreatedOnToolsVersion = 12.0;
					};
				};
			};
			buildConfigurationList = 59A2681424C903ED0056282C /* Build configuration list for PBXProject "Meme Vault" */;
			compatibilityVersion = "Xcode 9.3";
			developmentRegion = en;
			hasScannedForEncodings = 0;
			knownRegions = (
				en,
				Base,
			);
			mainGroup = 59A2681024C903ED0056282C;
			packageReferences = (
				599E43A624D36C65001C8597 /* XCRemoteSwiftPackageReference "FileProvider" */,
				59C952B325670E98002BA25C /* XCRemoteSwiftPackageReference "WebDAV-Swift" */,
			);
			productRefGroup = 59A2681A24C903ED0056282C /* Products */;
			projectDirPath = "";
			projectRoot = "";
			targets = (
				59A2681824C903ED0056282C /* Meme Vault */,
			);
		};
/* End PBXProject section */

/* Begin PBXResourcesBuildPhase section */
		59A2681724C903ED0056282C /* Resources */ = {
			isa = PBXResourcesBuildPhase;
			buildActionMask = 2147483647;
			files = (
				59A2682424C903EE0056282C /* Preview Assets.xcassets in Resources */,
				59A2682124C903EE0056282C /* Assets.xcassets in Resources */,
			);
			runOnlyForDeploymentPostprocessing = 0;
		};
/* End PBXResourcesBuildPhase section */

/* Begin PBXSourcesBuildPhase section */
		59A2681524C903ED0056282C /* Sources */ = {
			isa = PBXSourcesBuildPhase;
			buildActionMask = 2147483647;
			files = (
				59A2683024C90D180056282C /* MemeView.swift in Sources */,
				59F20A042540E6FF0083483C /* ShareSheet.swift in Sources */,
				59D464DA2540CC8F00FB696C /* ActionSetsView.swift in Sources */,
				599E43B124D383E0001C8597 /* DestinationView.swift in Sources */,
				599A9118253B597E007B674D /* Bool+Number.swift in Sources */,
				5928D657253FC1510091C2B6 /* ActionController.swift in Sources */,
				5928D65D253FCA570091C2B6 /* ActionSet.swift in Sources */,
				59A2681F24C903ED0056282C /* ContentView.swift in Sources */,
				599E43A524D36C06001C8597 /* ProviderController.swift in Sources */,
				599E43AF24D379E8001C8597 /* DestinationsView.swift in Sources */,
				599E43AC24D37325001C8597 /* AlertRepresentation.swift in Sources */,
				599E43B324D3A1C3001C8597 /* FileBrowserView.swift in Sources */,
				59CC2FC9253A8BBE00C25DC3 /* Meme_Vault+Convenience.swift in Sources */,
				59B668B424DA34630055E71C /* Text+Optional.swift in Sources */,
				59C0AD9024CD250600979F59 /* Meme_Vault+Wrapping.swift in Sources */,
				59A2681D24C903ED0056282C /* Meme_VaultApp.swift in Sources */,
				5928D65A253FC1C80091C2B6 /* ActionsView.swift in Sources */,
				599E43A024D35C75001C8597 /* MemesView.swift in Sources */,
				59E009E424D7DA04001F8A31 /* Image+Meme.swift in Sources */,
				59CC2FC6253A8A7200C25DC3 /* Identifiable.swift in Sources */,
				59838CD1253B884100E21D9A /* View+Keyboard.swift in Sources */,
				59C0AD9424CD424200979F59 /* SettingsView.swift in Sources */,
				5928D653253FB6A20091C2B6 /* Action.swift in Sources */,
				591DC3C624CD19B800CDA06D /* Meme_Vault.xcdatamodeld in Sources */,
				599E43AA24D36D07001C8597 /* LoginView.swift in Sources */,
				5928D64F253FAFE70091C2B6 /* Set+Toggle.swift in Sources */,
				59581A6624D3B931007E5284 /* DestinationDisclosure.swift in Sources */,
				599E43A224D35EAD001C8597 /* MemeController.swift in Sources */,
				59A2682E24C90B380056282C /* AlbumsView.swift in Sources */,
			);
			runOnlyForDeploymentPostprocessing = 0;
		};
/* End PBXSourcesBuildPhase section */

/* Begin XCBuildConfiguration section */
		59A2682624C903EE0056282C /* Debug */ = {
			isa = XCBuildConfiguration;
			buildSettings = {
				ALWAYS_SEARCH_USER_PATHS = NO;
				CLANG_ANALYZER_NONNULL = YES;
				CLANG_ANALYZER_NUMBER_OBJECT_CONVERSION = YES_AGGRESSIVE;
				CLANG_CXX_LANGUAGE_STANDARD = "gnu++14";
				CLANG_CXX_LIBRARY = "libc++";
				CLANG_ENABLE_MODULES = YES;
				CLANG_ENABLE_OBJC_ARC = YES;
				CLANG_ENABLE_OBJC_WEAK = YES;
				CLANG_WARN_BLOCK_CAPTURE_AUTORELEASING = YES;
				CLANG_WARN_BOOL_CONVERSION = YES;
				CLANG_WARN_COMMA = YES;
				CLANG_WARN_CONSTANT_CONVERSION = YES;
				CLANG_WARN_DEPRECATED_OBJC_IMPLEMENTATIONS = YES;
				CLANG_WARN_DIRECT_OBJC_ISA_USAGE = YES_ERROR;
				CLANG_WARN_DOCUMENTATION_COMMENTS = YES;
				CLANG_WARN_EMPTY_BODY = YES;
				CLANG_WARN_ENUM_CONVERSION = YES;
				CLANG_WARN_INFINITE_RECURSION = YES;
				CLANG_WARN_INT_CONVERSION = YES;
				CLANG_WARN_NON_LITERAL_NULL_CONVERSION = YES;
				CLANG_WARN_OBJC_IMPLICIT_RETAIN_SELF = YES;
				CLANG_WARN_OBJC_LITERAL_CONVERSION = YES;
				CLANG_WARN_OBJC_ROOT_CLASS = YES_ERROR;
				CLANG_WARN_QUOTED_INCLUDE_IN_FRAMEWORK_HEADER = YES;
				CLANG_WARN_RANGE_LOOP_ANALYSIS = YES;
				CLANG_WARN_STRICT_PROTOTYPES = YES;
				CLANG_WARN_SUSPICIOUS_MOVE = YES;
				CLANG_WARN_UNGUARDED_AVAILABILITY = YES_AGGRESSIVE;
				CLANG_WARN_UNREACHABLE_CODE = YES;
				CLANG_WARN__DUPLICATE_METHOD_MATCH = YES;
				COPY_PHASE_STRIP = NO;
				DEBUG_INFORMATION_FORMAT = dwarf;
				ENABLE_STRICT_OBJC_MSGSEND = YES;
				ENABLE_TESTABILITY = YES;
				GCC_C_LANGUAGE_STANDARD = gnu11;
				GCC_DYNAMIC_NO_PIC = NO;
				GCC_NO_COMMON_BLOCKS = YES;
				GCC_OPTIMIZATION_LEVEL = 0;
				GCC_PREPROCESSOR_DEFINITIONS = (
					"DEBUG=1",
					"$(inherited)",
				);
				GCC_WARN_64_TO_32_BIT_CONVERSION = YES;
				GCC_WARN_ABOUT_RETURN_TYPE = YES_ERROR;
				GCC_WARN_UNDECLARED_SELECTOR = YES;
				GCC_WARN_UNINITIALIZED_AUTOS = YES_AGGRESSIVE;
				GCC_WARN_UNUSED_FUNCTION = YES;
				GCC_WARN_UNUSED_VARIABLE = YES;
				IPHONEOS_DEPLOYMENT_TARGET = 14.0;
				MTL_ENABLE_DEBUG_INFO = INCLUDE_SOURCE;
				MTL_FAST_MATH = YES;
				ONLY_ACTIVE_ARCH = YES;
				SDKROOT = iphoneos;
				SWIFT_ACTIVE_COMPILATION_CONDITIONS = DEBUG;
				SWIFT_OPTIMIZATION_LEVEL = "-Onone";
			};
			name = Debug;
		};
		59A2682724C903EE0056282C /* Release */ = {
			isa = XCBuildConfiguration;
			buildSettings = {
				ALWAYS_SEARCH_USER_PATHS = NO;
				CLANG_ANALYZER_NONNULL = YES;
				CLANG_ANALYZER_NUMBER_OBJECT_CONVERSION = YES_AGGRESSIVE;
				CLANG_CXX_LANGUAGE_STANDARD = "gnu++14";
				CLANG_CXX_LIBRARY = "libc++";
				CLANG_ENABLE_MODULES = YES;
				CLANG_ENABLE_OBJC_ARC = YES;
				CLANG_ENABLE_OBJC_WEAK = YES;
				CLANG_WARN_BLOCK_CAPTURE_AUTORELEASING = YES;
				CLANG_WARN_BOOL_CONVERSION = YES;
				CLANG_WARN_COMMA = YES;
				CLANG_WARN_CONSTANT_CONVERSION = YES;
				CLANG_WARN_DEPRECATED_OBJC_IMPLEMENTATIONS = YES;
				CLANG_WARN_DIRECT_OBJC_ISA_USAGE = YES_ERROR;
				CLANG_WARN_DOCUMENTATION_COMMENTS = YES;
				CLANG_WARN_EMPTY_BODY = YES;
				CLANG_WARN_ENUM_CONVERSION = YES;
				CLANG_WARN_INFINITE_RECURSION = YES;
				CLANG_WARN_INT_CONVERSION = YES;
				CLANG_WARN_NON_LITERAL_NULL_CONVERSION = YES;
				CLANG_WARN_OBJC_IMPLICIT_RETAIN_SELF = YES;
				CLANG_WARN_OBJC_LITERAL_CONVERSION = YES;
				CLANG_WARN_OBJC_ROOT_CLASS = YES_ERROR;
				CLANG_WARN_QUOTED_INCLUDE_IN_FRAMEWORK_HEADER = YES;
				CLANG_WARN_RANGE_LOOP_ANALYSIS = YES;
				CLANG_WARN_STRICT_PROTOTYPES = YES;
				CLANG_WARN_SUSPICIOUS_MOVE = YES;
				CLANG_WARN_UNGUARDED_AVAILABILITY = YES_AGGRESSIVE;
				CLANG_WARN_UNREACHABLE_CODE = YES;
				CLANG_WARN__DUPLICATE_METHOD_MATCH = YES;
				COPY_PHASE_STRIP = NO;
				DEBUG_INFORMATION_FORMAT = "dwarf-with-dsym";
				ENABLE_NS_ASSERTIONS = NO;
				ENABLE_STRICT_OBJC_MSGSEND = YES;
				GCC_C_LANGUAGE_STANDARD = gnu11;
				GCC_NO_COMMON_BLOCKS = YES;
				GCC_WARN_64_TO_32_BIT_CONVERSION = YES;
				GCC_WARN_ABOUT_RETURN_TYPE = YES_ERROR;
				GCC_WARN_UNDECLARED_SELECTOR = YES;
				GCC_WARN_UNINITIALIZED_AUTOS = YES_AGGRESSIVE;
				GCC_WARN_UNUSED_FUNCTION = YES;
				GCC_WARN_UNUSED_VARIABLE = YES;
				IPHONEOS_DEPLOYMENT_TARGET = 14.0;
				MTL_ENABLE_DEBUG_INFO = NO;
				MTL_FAST_MATH = YES;
				SDKROOT = iphoneos;
				SWIFT_COMPILATION_MODE = wholemodule;
				SWIFT_OPTIMIZATION_LEVEL = "-O";
				VALIDATE_PRODUCT = YES;
			};
			name = Release;
		};
		59A2682924C903EE0056282C /* Debug */ = {
			isa = XCBuildConfiguration;
			buildSettings = {
				ASSETCATALOG_COMPILER_APPICON_NAME = AppIcon;
				ASSETCATALOG_COMPILER_GLOBAL_ACCENT_COLOR_NAME = AccentColor;
				CODE_SIGN_STYLE = Automatic;
				DEVELOPMENT_ASSET_PATHS = "\"Meme Vault/Preview Content\"";
				DEVELOPMENT_TEAM = A4525544Q4;
				ENABLE_PREVIEWS = YES;
				INFOPLIST_FILE = "Meme Vault/Info.plist";
				IPHONEOS_DEPLOYMENT_TARGET = 14.0;
				LD_RUNPATH_SEARCH_PATHS = (
					"$(inherited)",
					"@executable_path/Frameworks",
				);
				PRODUCT_BUNDLE_IDENTIFIER = "vc.isv.Meme-Vault";
				PRODUCT_NAME = "$(TARGET_NAME)";
				SWIFT_VERSION = 5.0;
				TARGETED_DEVICE_FAMILY = "1,2";
			};
			name = Debug;
		};
		59A2682A24C903EE0056282C /* Release */ = {
			isa = XCBuildConfiguration;
			buildSettings = {
				ASSETCATALOG_COMPILER_APPICON_NAME = AppIcon;
				ASSETCATALOG_COMPILER_GLOBAL_ACCENT_COLOR_NAME = AccentColor;
				CODE_SIGN_STYLE = Automatic;
				DEVELOPMENT_ASSET_PATHS = "\"Meme Vault/Preview Content\"";
				DEVELOPMENT_TEAM = A4525544Q4;
				ENABLE_PREVIEWS = YES;
				INFOPLIST_FILE = "Meme Vault/Info.plist";
				IPHONEOS_DEPLOYMENT_TARGET = 14.0;
				LD_RUNPATH_SEARCH_PATHS = (
					"$(inherited)",
					"@executable_path/Frameworks",
				);
				PRODUCT_BUNDLE_IDENTIFIER = "vc.isv.Meme-Vault";
				PRODUCT_NAME = "$(TARGET_NAME)";
				SWIFT_VERSION = 5.0;
				TARGETED_DEVICE_FAMILY = "1,2";
			};
			name = Release;
		};
/* End XCBuildConfiguration section */

/* Begin XCConfigurationList section */
		59A2681424C903ED0056282C /* Build configuration list for PBXProject "Meme Vault" */ = {
			isa = XCConfigurationList;
			buildConfigurations = (
				59A2682624C903EE0056282C /* Debug */,
				59A2682724C903EE0056282C /* Release */,
			);
			defaultConfigurationIsVisible = 0;
			defaultConfigurationName = Release;
		};
		59A2682824C903EE0056282C /* Build configuration list for PBXNativeTarget "Meme Vault" */ = {
			isa = XCConfigurationList;
			buildConfigurations = (
				59A2682924C903EE0056282C /* Debug */,
				59A2682A24C903EE0056282C /* Release */,
			);
			defaultConfigurationIsVisible = 0;
			defaultConfigurationName = Release;
		};
/* End XCConfigurationList section */

/* Begin XCRemoteSwiftPackageReference section */
		599E43A624D36C65001C8597 /* XCRemoteSwiftPackageReference "FileProvider" */ = {
			isa = XCRemoteSwiftPackageReference;
			repositoryURL = "https://github.com/amosavian/FileProvider.git";
			requirement = {
				kind = upToNextMajorVersion;
				minimumVersion = 0.26.0;
			};
		};
		59C952B325670E98002BA25C /* XCRemoteSwiftPackageReference "WebDAV-Swift" */ = {
			isa = XCRemoteSwiftPackageReference;
			repositoryURL = "https://github.com/Isvvc/WebDAV-Swift.git";
			requirement = {
				kind = upToNextMajorVersion;
				minimumVersion = 1.0.0;
			};
		};
/* End XCRemoteSwiftPackageReference section */

/* Begin XCSwiftPackageProductDependency section */
		599E43A724D36C65001C8597 /* FilesProvider */ = {
			isa = XCSwiftPackageProductDependency;
			package = 599E43A624D36C65001C8597 /* XCRemoteSwiftPackageReference "FileProvider" */;
			productName = FilesProvider;
		};
		59C952B425670E98002BA25C /* WebDAV */ = {
			isa = XCSwiftPackageProductDependency;
			package = 59C952B325670E98002BA25C /* XCRemoteSwiftPackageReference "WebDAV-Swift" */;
			productName = WebDAV;
		};
/* End XCSwiftPackageProductDependency section */

/* Begin XCVersionGroup section */
		591DC3C424CD19B800CDA06D /* Meme_Vault.xcdatamodeld */ = {
			isa = XCVersionGroup;
			children = (
				591DC3C524CD19B800CDA06D /* Meme_Vault.xcdatamodel */,
			);
			currentVersion = 591DC3C524CD19B800CDA06D /* Meme_Vault.xcdatamodel */;
			path = Meme_Vault.xcdatamodeld;
			sourceTree = "<group>";
			versionGroupType = wrapper.xcdatamodel;
		};
/* End XCVersionGroup section */
	};
	rootObject = 59A2681124C903ED0056282C /* Project object */;
}
